// !$*UTF8*$!
{
	archiveVersion = 1;
	classes = {
	};
	objectVersion = 46;
	objects = {

/* Begin PBXBuildFile section */
		43D2D0811E5C040200639328 /* AppDelegate.swift in Sources */ = {isa = PBXBuildFile; fileRef = 43D2D0801E5C040200639328 /* AppDelegate.swift */; };
		43D2D0831E5C040200639328 /* ViewController.swift in Sources */ = {isa = PBXBuildFile; fileRef = 43D2D0821E5C040200639328 /* ViewController.swift */; };
		43D2D0861E5C040200639328 /* Main.storyboard in Resources */ = {isa = PBXBuildFile; fileRef = 43D2D0841E5C040200639328 /* Main.storyboard */; };
		43D2D0881E5C040200639328 /* Assets.xcassets in Resources */ = {isa = PBXBuildFile; fileRef = 43D2D0871E5C040200639328 /* Assets.xcassets */; };
		43D2D08B1E5C040200639328 /* LaunchScreen.storyboard in Resources */ = {isa = PBXBuildFile; fileRef = 43D2D0891E5C040200639328 /* LaunchScreen.storyboard */; };
/* End PBXBuildFile section */

/* Begin PBXFileReference section */
		43D2D07D1E5C040200639328 /* StackSkillz.app */ = {isa = PBXFileReference; explicitFileType = wrapper.application; includeInIndex = 0; path = StackSkillz.app; sourceTree = BUILT_PRODUCTS_DIR; };
		43D2D0801E5C040200639328 /* AppDelegate.swift */ = {isa = PBXFileReference; lastKnownFileType = sourcecode.swift; path = AppDelegate.swift; sourceTree = "<group>"; };
		43D2D0821E5C040200639328 /* ViewController.swift */ = {isa = PBXFileReference; lastKnownFileType = sourcecode.swift; path = ViewController.swift; sourceTree = "<group>"; };
		43D2D0851E5C040200639328 /* Base */ = {isa = PBXFileReference; lastKnownFileType = file.storyboard; name = Base; path = Base.lproj/Main.storyboard; sourceTree = "<group>"; };
		43D2D0871E5C040200639328 /* Assets.xcassets */ = {isa = PBXFileReference; lastKnownFileType = folder.assetcatalog; path = Assets.xcassets; sourceTree = "<group>"; };
		43D2D08A1E5C040200639328 /* Base */ = {isa = PBXFileReference; lastKnownFileType = file.storyboard; name = Base; path = Base.lproj/LaunchScreen.storyboard; sourceTree = "<group>"; };
		43D2D08C1E5C040200639328 /* Info.plist */ = {isa = PBXFileReference; lastKnownFileType = text.plist.xml; path = Info.plist; sourceTree = "<group>"; };
/* End PBXFileReference section */

/* Begin PBXFrameworksBuildPhase section */
		43D2D07A1E5C040000639328 /* Frameworks */ = {
			isa = PBXFrameworksBuildPhase;
			buildActionMask = 2147483647;
			files = (
			);
			runOnlyForDeploymentPostprocessing = 0;
		};
/* End PBXFrameworksBuildPhase section */

/* Begin PBXGroup section */
		43D2D0741E5C040000639328 = {
			isa = PBXGroup;
			children = (
				43D2D07F1E5C040200639328 /* StackSkillz */,
				43D2D07E1E5C040200639328 /* Products */,
			);
			sourceTree = "<group>";
		};
		43D2D07E1E5C040200639328 /* Products */ = {
			isa = PBXGroup;
			children = (
				43D2D07D1E5C040200639328 /* StackSkillz.app */,
			);
			name = Products;
			sourceTree = "<group>";
		};
		43D2D07F1E5C040200639328 /* StackSkillz */ = {
			isa = PBXGroup;
			children = (
				43D2D0801E5C040200639328 /* AppDelegate.swift */,
				43D2D0821E5C040200639328 /* ViewController.swift */,
				43D2D0841E5C040200639328 /* Main.storyboard */,
				43D2D0871E5C040200639328 /* Assets.xcassets */,
				43D2D0891E5C040200639328 /* LaunchScreen.storyboard */,
				43D2D08C1E5C040200639328 /* Info.plist */,
			);
			path = StackSkillz;
			sourceTree = "<group>";
		};
/* End PBXGroup section */

/* Begin PBXNativeTarget section */
		43D2D07C1E5C040000639328 /* StackSkillz */ = {
			isa = PBXNativeTarget;
			buildConfigurationList = 43D2D08F1E5C040300639328 /* Build configuration list for PBXNativeTarget "StackSkillz" */;
			buildPhases = (
				43D2D0791E5C040000639328 /* Sources */,
				43D2D07A1E5C040000639328 /* Frameworks */,
				43D2D07B1E5C040000639328 /* Resources */,
			);
			buildRules = (
			);
			dependencies = (
			);
			name = StackSkillz;
			productName = StackSkillz;
			productReference = 43D2D07D1E5C040200639328 /* StackSkillz.app */;
			productType = "com.apple.product-type.application";
		};
/* End PBXNativeTarget section */

/* Begin PBXProject section */
		43D2D0751E5C040000639328 /* Project object */ = {
			isa = PBXProject;
			attributes = {
				LastSwiftUpdateCheck = 0820;
				LastUpgradeCheck = 0820;
				ORGANIZATIONNAME = "RaVulpes Enterprises";
				TargetAttributes = {
					43D2D07C1E5C040000639328 = {
						CreatedOnToolsVersion = 8.2.1;
						ProvisioningStyle = Automatic;
					};
				};
			};
			buildConfigurationList = 43D2D0781E5C040000639328 /* Build configuration list for PBXProject "StackSkillz" */;
			compatibilityVersion = "Xcode 3.2";
			developmentRegion = English;
			hasScannedForEncodings = 0;
			knownRegions = (
				en,
				Base,
			);
			mainGroup = 43D2D0741E5C040000639328;
			productRefGroup = 43D2D07E1E5C040200639328 /* Products */;
			projectDirPath = "";
			projectRoot = "";
			targets = (
				43D2D07C1E5C040000639328 /* StackSkillz */,
			);
		};
/* End PBXProject section */

/* Begin PBXResourcesBuildPhase section */
		43D2D07B1E5C040000639328 /* Resources */ = {
			isa = PBXResourcesBuildPhase;
			buildActionMask = 2147483647;
			files = (
				43D2D08B1E5C040200639328 /* LaunchScreen.storyboard in Resources */,
				43D2D0881E5C040200639328 /* Assets.xcassets in Resources */,
				43D2D0861E5C040200639328 /* Main.storyboard in Resources */,
			);
			runOnlyForDeploymentPostprocessing = 0;
		};
/* End PBXResourcesBuildPhase section */

/* Begin PBXSourcesBuildPhase section */
		43D2D0791E5C040000639328 /* Sources */ = {
			isa = PBXSourcesBuildPhase;
			buildActionMask = 2147483647;
			files = (
				43D2D0831E5C040200639328 /* ViewController.swift in Sources */,
				43D2D0811E5C040200639328 /* AppDelegate.swift in Sources */,
			);
			runOnlyForDeploymentPostprocessing = 0;
		};
/* End PBXSourcesBuildPhase section */

/* Begin PBXVariantGroup section */
		43D2D0841E5C040200639328 /* Main.storyboard */ = {
			isa = PBXVariantGroup;
			children = (
				43D2D0851E5C040200639328 /* Base */,
			);
			name = Main.storyboard;
			sourceTree = "<group>";
		};
		43D2D0891E5C040200639328 /* LaunchScreen.storyboard */ = {
			isa = PBXVariantGroup;
			children = (
				43D2D08A1E5C040200639328 /* Base */,
			);
			name = LaunchScreen.storyboard;
			sourceTree = "<group>";
		};
/* End PBXVariantGroup section */

/* Begin XCBuildConfiguration section */
		43D2D08D1E5C040200639328 /* Debug */ = {
			isa = XCBuildConfiguration;
			buildSettings = {
				ALWAYS_SEARCH_USER_PATHS = NO;
				CLANG_ANALYZER_NONNULL = YES;
				CLANG_CXX_LANGUAGE_STANDARD = "gnu++0x";
				CLANG_CXX_LIBRARY = "libc++";
				CLANG_ENABLE_MODULES = YES;
				CLANG_ENABLE_OBJC_ARC = YES;
				CLANG_WARN_BOOL_CONVERSION = YES;
				CLANG_WARN_CONSTANT_CONVERSION = YES;
				CLANG_WARN_DIRECT_OBJC_ISA_USAGE = YES_ERROR;
				CLANG_WARN_DOCUMENTATION_COMMENTS = YES;
				CLANG_WARN_EMPTY_BODY = YES;
				CLANG_WARN_ENUM_CONVERSION = YES;
				CLANG_WARN_INFINITE_RECURSION = YES;
				CLANG_WARN_INT_CONVERSION = YES;
				CLANG_WARN_OBJC_ROOT_CLASS = YES_ERROR;
				CLANG_WARN_SUSPICIOUS_MOVE = YES;
				CLANG_WARN_UNREACHABLE_CODE = YES;
				CLANG_WARN__DUPLICATE_METHOD_MATCH = YES;
				"CODE_SIGN_IDENTITY[sdk=iphoneos*]" = "iPhone Developer";
				COPY_PHASE_STRIP = NO;
				DEBUG_INFORMATION_FORMAT = dwarf;
				ENABLE_STRICT_OBJC_MSGSEND = YES;
				ENABLE_TESTABILITY = YES;
				GCC_C_LANGUAGE_STANDARD = gnu99;
				GCC_DYNAMIC_NO_PIC = NO;
				GCC_NO_COMMON_BLOCKS = YES;
				GCC_OPTIMIZATION_LEVEL = 0;
				GCC_PREPROCESSOR_DEFINITIONS = (
					"DEBUG=1",
					"$(inherited)",
				);
				GCC_WARN_64_TO_32_BIT_CONVERSION = YES;
				GCC_WARN_ABOUT_RETURN_TYPE = YES_ERROR;
				GCC_WARN_UNDECLARED_SELECTOR = YES;
				GCC_WARN_UNINITIALIZED_AUTOS = YES_AGGRESSIVE;
				GCC_WARN_UNUSED_FUNCTION = YES;
				GCC_WARN_UNUSED_VARIABLE = YES;
				IPHONEOS_DEPLOYMENT_TARGET = 10.2;
				MTL_ENABLE_DEBUG_INFO = YES;
				ONLY_ACTIVE_ARCH = YES;
				SDKROOT = iphoneos;
				SWIFT_ACTIVE_COMPILATION_CONDITIONS = DEBUG;
				SWIFT_OPTIMIZATION_LEVEL = "-Onone";
				TARGETED_DEVICE_FAMILY = "1,2";
			};
			name = Debug;
		};
		43D2D08E1E5C040300639328 /* Release */ = {
			isa = XCBuildConfiguration;
			buildSettings = {
				ALWAYS_SEARCH_USER_PATHS = NO;
				CLANG_ANALYZER_NONNULL = YES;
				CLANG_CXX_LANGUAGE_STANDARD = "gnu++0x";
				CLANG_CXX_LIBRARY = "libc++";
				CLANG_ENABLE_MODULES = YES;
				CLANG_ENABLE_OBJC_ARC = YES;
				CLANG_WARN_BOOL_CONVERSION = YES;
				CLANG_WARN_CONSTANT_CONVERSION = YES;
				CLANG_WARN_DIRECT_OBJC_ISA_USAGE = YES_ERROR;
				CLANG_WARN_DOCUMENTATION_COMMENTS = YES;
				CLANG_WARN_EMPTY_BODY = YES;
				CLANG_WARN_ENUM_CONVERSION = YES;
				CLANG_WARN_INFINITE_RECURSION = YES;
				CLANG_WARN_INT_CONVERSION = YES;
				CLANG_WARN_OBJC_ROOT_CLASS = YES_ERROR;
				CLANG_WARN_SUSPICIOUS_MOVE = YES;
				CLANG_WARN_UNREACHABLE_CODE = YES;
				CLANG_WARN__DUPLICATE_METHOD_MATCH = YES;
				"CODE_SIGN_IDENTITY[sdk=iphoneos*]" = "iPhone Developer";
				COPY_PHASE_STRIP = NO;
				DEBUG_INFORMATION_FORMAT = "dwarf-with-dsym";
				ENABLE_NS_ASSERTIONS = NO;
				ENABLE_STRICT_OBJC_MSGSEND = YES;
				GCC_C_LANGUAGE_STANDARD = gnu99;
				GCC_NO_COMMON_BLOCKS = YES;
				GCC_WARN_64_TO_32_BIT_CONVERSION = YES;
				GCC_WARN_ABOUT_RETURN_TYPE = YES_ERROR;
				GCC_WARN_UNDECLARED_SELECTOR = YES;
				GCC_WARN_UNINITIALIZED_AUTOS = YES_AGGRESSIVE;
				GCC_WARN_UNUSED_FUNCTION = YES;
				GCC_WARN_UNUSED_VARIABLE = YES;
				IPHONEOS_DEPLOYMENT_TARGET = 10.2;
				MTL_ENABLE_DEBUG_INFO = NO;
				SDKROOT = iphoneos;
				SWIFT_OPTIMIZATION_LEVEL = "-Owholemodule";
				TARGETED_DEVICE_FAMILY = "1,2";
				VALIDATE_PRODUCT = YES;
			};
			name = Release;
		};
		43D2D0901E5C040300639328 /* Debug */ = {
			isa = XCBuildConfiguration;
			buildSettings = {
				ASSETCATALOG_COMPILER_APPICON_NAME = AppIcon;
				INFOPLIST_FILE = StackSkillz/Info.plist;
				LD_RUNPATH_SEARCH_PATHS = "$(inherited) @executable_path/Frameworks";
				PRODUCT_BUNDLE_IDENTIFIER = com.bennyokc.StackSkillz;
				PRODUCT_NAME = "$(TARGET_NAME)";
				SWIFT_VERSION = 3.0;
			};
			name = Debug;
		};
		43D2D0911E5C040300639328 /* Release */ = {
			isa = XCBuildConfiguration;
			buildSettings = {
				ASSETCATALOG_COMPILER_APPICON_NAME = AppIcon;
				INFOPLIST_FILE = StackSkillz/Info.plist;
				LD_RUNPATH_SEARCH_PATHS = "$(inherited) @executable_path/Frameworks";
				PRODUCT_BUNDLE_IDENTIFIER = com.bennyokc.StackSkillz;
				PRODUCT_NAME = "$(TARGET_NAME)";
				SWIFT_VERSION = 3.0;
			};
			name = Release;
		};
/* End XCBuildConfiguration section */

/* Begin XCConfigurationList section */
		43D2D0781E5C040000639328 /* Build configuration list for PBXProject "StackSkillz" */ = {
			isa = XCConfigurationList;
			buildConfigurations = (
				43D2D08D1E5C040200639328 /* Debug */,
				43D2D08E1E5C040300639328 /* Release */,
			);
			defaultConfigurationIsVisible = 0;
			defaultConfigurationName = Release;
		};
		43D2D08F1E5C040300639328 /* Build configuration list for PBXNativeTarget "StackSkillz" */ = {
			isa = XCConfigurationList;
			buildConfigurations = (
				43D2D0901E5C040300639328 /* Debug */,
				43D2D0911E5C040300639328 /* Release */,
			);
			defaultConfigurationIsVisible = 0;
		};
/* End XCConfigurationList section */
	};
	rootObject = 43D2D0751E5C040000639328 /* Project object */;
}
